
Microsoft Visual Studio Solution File, Format Version 12.00
# Visual Studio Version 17
VisualStudioVersion = 17.11.35222.181
MinimumVisualStudioVersion = 10.0.40219.1
Project("{FAE04EC0-301F-11D3-BF4B-00C04F79EFBC}") = "SMARTGradeTracker", "SMARTGradeTracker\SMARTGradeTracker.csproj", "{CE6DC6E6-BA96-449F-A818-A7EE517C23A8}"
EndProject
Global
	GlobalSection(SolutionConfigurationPlatforms) = preSolution
		Debug|Any CPU = Debug|Any CPU
		Release|Any CPU = Release|Any CPU
	EndGlobalSection
	GlobalSection(ProjectConfigurationPlatforms) = postSolution
		{CE6DC6E6-BA96-449F-A818-A7EE517C23A8}.Debug|Any CPU.ActiveCfg = Debug|Any CPU
		{CE6DC6E6-BA96-449F-A818-A7EE517C23A8}.Debug|Any CPU.Build.0 = Debug|Any CPU
		{CE6DC6E6-BA96-449F-A818-A7EE517C23A8}.Release|Any CPU.ActiveCfg = Release|Any CPU
		{CE6DC6E6-BA96-449F-A818-A7EE517C23A8}.Release|Any CPU.Build.0 = Release|Any CPU
	EndGlobalSection
	GlobalSection(SolutionProperties) = preSolution
		HideSolutionNode = FALSE
	EndGlobalSection
	GlobalSection(ExtensibilityGlobals) = postSolution
		SolutionGuid = {FBF7CD0F-5115-4A20-B563-077DB49436FE}
	EndGlobalSection
EndGlobal
